// !$*UTF8*$!
{
	archiveVersion = 1;
	classes = {
	};
	objectVersion = 52;
	objects = {

/* Begin PBXBuildFile section */
		7C0CF4DE25D29C5700B26377 /* RegisterTitleLabel.swift in Sources */ = {isa = PBXBuildFile; fileRef = 7C0CF4DD25D29C5700B26377 /* RegisterTitleLabel.swift */; };
		7C0CF4E525D2A15600B26377 /* RegisterButton.swift in Sources */ = {isa = PBXBuildFile; fileRef = 7C0CF4E425D2A15600B26377 /* RegisterButton.swift */; };
		7C133A9425C02FFB00BC7CBC /* UIView-Extension.swift in Sources */ = {isa = PBXBuildFile; fileRef = 7C133A9325C02FFB00BC7CBC /* UIView-Extension.swift */; };
		7C2518FD25D7F48100AEA210 /* RxSwift in Frameworks */ = {isa = PBXBuildFile; productRef = 7C2518FC25D7F48100AEA210 /* RxSwift */; };
		7C2518FF25D7F48100AEA210 /* RxCocoa in Frameworks */ = {isa = PBXBuildFile; productRef = 7C2518FE25D7F48100AEA210 /* RxCocoa */; };
		7C25190125D7F48100AEA210 /* RxRelay in Frameworks */ = {isa = PBXBuildFile; productRef = 7C25190025D7F48100AEA210 /* RxRelay */; };
		7C25190425D7F90A00AEA210 /* Firebase-Extension.swift in Sources */ = {isa = PBXBuildFile; fileRef = 7C25190325D7F90A00AEA210 /* Firebase-Extension.swift */; };
		7C2A5B0D25D51BEA00985F7C /* RegiserViewModel.swift in Sources */ = {isa = PBXBuildFile; fileRef = 7C2A5B0C25D51BEA00985F7C /* RegiserViewModel.swift */; };
		7C450CDE25C2D3C200088881 /* CardView.swift in Sources */ = {isa = PBXBuildFile; fileRef = 7C450CDD25C2D3C200088881 /* CardView.swift */; };
		7C511E7E25BEDEEF00D24A83 /* TopControlView.swift in Sources */ = {isa = PBXBuildFile; fileRef = 7C511E7D25BEDEEF00D24A83 /* TopControlView.swift */; };
		7C617BC525C81DCE00D4F32F /* GoogleService-Info.plist in Resources */ = {isa = PBXBuildFile; fileRef = 7C617BC425C81DCE00D4F32F /* GoogleService-Info.plist */; };
		7C617BD525C820AD00D4F32F /* RegisterViewController.swift in Sources */ = {isa = PBXBuildFile; fileRef = 7C617BD425C820AD00D4F32F /* RegisterViewController.swift */; };
		7C617BDA25C823A800D4F32F /* RegisterTextField.swift in Sources */ = {isa = PBXBuildFile; fileRef = 7C617BD925C823A800D4F32F /* RegisterTextField.swift */; };
		7C63C66F25BD802600350937 /* UIImage-Extension.swift in Sources */ = {isa = PBXBuildFile; fileRef = 7C63C66E25BD802600350937 /* UIImage-Extension.swift */; };
		7C8F675825BD7B4E006DBE6F /* BottomControlView.swift in Sources */ = {isa = PBXBuildFile; fileRef = 7C8F675725BD7B4E006DBE6F /* BottomControlView.swift */; };
		7CD14F5125BD636300C4F9E3 /* AppDelegate.swift in Sources */ = {isa = PBXBuildFile; fileRef = 7CD14F5025BD636300C4F9E3 /* AppDelegate.swift */; };
		7CD14F5325BD636300C4F9E3 /* SceneDelegate.swift in Sources */ = {isa = PBXBuildFile; fileRef = 7CD14F5225BD636300C4F9E3 /* SceneDelegate.swift */; };
		7CD14F5525BD636300C4F9E3 /* HomeViewController.swift in Sources */ = {isa = PBXBuildFile; fileRef = 7CD14F5425BD636300C4F9E3 /* HomeViewController.swift */; };
		7CD14F5A25BD636400C4F9E3 /* Assets.xcassets in Resources */ = {isa = PBXBuildFile; fileRef = 7CD14F5925BD636400C4F9E3 /* Assets.xcassets */; };
		7CD14F5D25BD636400C4F9E3 /* LaunchScreen.storyboard in Resources */ = {isa = PBXBuildFile; fileRef = 7CD14F5B25BD636400C4F9E3 /* LaunchScreen.storyboard */; };
		7CE875FF25C5830300E80B69 /* UIColor-Extension.swift in Sources */ = {isa = PBXBuildFile; fileRef = 7CE875FE25C5830300E80B69 /* UIColor-Extension.swift */; };
		7CE8761E25C6A74000E80B69 /* CardInfoLabel.swift in Sources */ = {isa = PBXBuildFile; fileRef = 7CE8761D25C6A74000E80B69 /* CardInfoLabel.swift */; };
		7CE8762125C6AC3000E80B69 /* UIButton-Extension.swift in Sources */ = {isa = PBXBuildFile; fileRef = 7CE8762025C6AC3000E80B69 /* UIButton-Extension.swift */; };
		7CE8762425C6ACAE00E80B69 /* CardImageView.swift in Sources */ = {isa = PBXBuildFile; fileRef = 7CE8762325C6ACAE00E80B69 /* CardImageView.swift */; };
		C0CD91EFDDC0780F05D0DC75 /* Pods_MatchingApp.framework in Frameworks */ = {isa = PBXBuildFile; fileRef = ACBD8D7E803C2FA04F95C11B /* Pods_MatchingApp.framework */; };
/* End PBXBuildFile section */

/* Begin PBXFileReference section */
		7C0CF4DD25D29C5700B26377 /* RegisterTitleLabel.swift */ = {isa = PBXFileReference; lastKnownFileType = sourcecode.swift; path = RegisterTitleLabel.swift; sourceTree = "<group>"; };
		7C0CF4E425D2A15600B26377 /* RegisterButton.swift */ = {isa = PBXFileReference; lastKnownFileType = sourcecode.swift; path = RegisterButton.swift; sourceTree = "<group>"; };
		7C133A9325C02FFB00BC7CBC /* UIView-Extension.swift */ = {isa = PBXFileReference; lastKnownFileType = sourcecode.swift; path = "UIView-Extension.swift"; sourceTree = "<group>"; };
		7C25190325D7F90A00AEA210 /* Firebase-Extension.swift */ = {isa = PBXFileReference; lastKnownFileType = sourcecode.swift; path = "Firebase-Extension.swift"; sourceTree = "<group>"; };
		7C2A5B0C25D51BEA00985F7C /* RegiserViewModel.swift */ = {isa = PBXFileReference; lastKnownFileType = sourcecode.swift; path = RegiserViewModel.swift; sourceTree = "<group>"; };
		7C450CDD25C2D3C200088881 /* CardView.swift */ = {isa = PBXFileReference; lastKnownFileType = sourcecode.swift; path = CardView.swift; sourceTree = "<group>"; };
		7C511E7D25BEDEEF00D24A83 /* TopControlView.swift */ = {isa = PBXFileReference; lastKnownFileType = sourcecode.swift; path = TopControlView.swift; sourceTree = "<group>"; };
		7C617BC425C81DCE00D4F32F /* GoogleService-Info.plist */ = {isa = PBXFileReference; fileEncoding = 4; lastKnownFileType = text.plist.xml; path = "GoogleService-Info.plist"; sourceTree = "<group>"; };
		7C617BD425C820AD00D4F32F /* RegisterViewController.swift */ = {isa = PBXFileReference; lastKnownFileType = sourcecode.swift; path = RegisterViewController.swift; sourceTree = "<group>"; };
		7C617BD925C823A800D4F32F /* RegisterTextField.swift */ = {isa = PBXFileReference; lastKnownFileType = sourcecode.swift; path = RegisterTextField.swift; sourceTree = "<group>"; };
		7C63C66E25BD802600350937 /* UIImage-Extension.swift */ = {isa = PBXFileReference; lastKnownFileType = sourcecode.swift; path = "UIImage-Extension.swift"; sourceTree = "<group>"; };
		7C8F675725BD7B4E006DBE6F /* BottomControlView.swift */ = {isa = PBXFileReference; lastKnownFileType = sourcecode.swift; path = BottomControlView.swift; sourceTree = "<group>"; };
		7CD14F4D25BD636300C4F9E3 /* MatchingApp.app */ = {isa = PBXFileReference; explicitFileType = wrapper.application; includeInIndex = 0; path = MatchingApp.app; sourceTree = BUILT_PRODUCTS_DIR; };
		7CD14F5025BD636300C4F9E3 /* AppDelegate.swift */ = {isa = PBXFileReference; lastKnownFileType = sourcecode.swift; path = AppDelegate.swift; sourceTree = "<group>"; };
		7CD14F5225BD636300C4F9E3 /* SceneDelegate.swift */ = {isa = PBXFileReference; lastKnownFileType = sourcecode.swift; path = SceneDelegate.swift; sourceTree = "<group>"; };
		7CD14F5425BD636300C4F9E3 /* HomeViewController.swift */ = {isa = PBXFileReference; lastKnownFileType = sourcecode.swift; path = HomeViewController.swift; sourceTree = "<group>"; };
		7CD14F5925BD636400C4F9E3 /* Assets.xcassets */ = {isa = PBXFileReference; lastKnownFileType = folder.assetcatalog; path = Assets.xcassets; sourceTree = "<group>"; };
		7CD14F5C25BD636400C4F9E3 /* Base */ = {isa = PBXFileReference; lastKnownFileType = file.storyboard; name = Base; path = Base.lproj/LaunchScreen.storyboard; sourceTree = "<group>"; };
		7CD14F5E25BD636400C4F9E3 /* Info.plist */ = {isa = PBXFileReference; lastKnownFileType = text.plist.xml; path = Info.plist; sourceTree = "<group>"; };
		7CE875FE25C5830300E80B69 /* UIColor-Extension.swift */ = {isa = PBXFileReference; lastKnownFileType = sourcecode.swift; path = "UIColor-Extension.swift"; sourceTree = "<group>"; };
		7CE8761D25C6A74000E80B69 /* CardInfoLabel.swift */ = {isa = PBXFileReference; lastKnownFileType = sourcecode.swift; path = CardInfoLabel.swift; sourceTree = "<group>"; };
		7CE8762025C6AC3000E80B69 /* UIButton-Extension.swift */ = {isa = PBXFileReference; lastKnownFileType = sourcecode.swift; path = "UIButton-Extension.swift"; sourceTree = "<group>"; };
		7CE8762325C6ACAE00E80B69 /* CardImageView.swift */ = {isa = PBXFileReference; lastKnownFileType = sourcecode.swift; path = CardImageView.swift; sourceTree = "<group>"; };
		92DEA82A58E4164A02FF115E /* Pods-MatchingApp.debug.xcconfig */ = {isa = PBXFileReference; includeInIndex = 1; lastKnownFileType = text.xcconfig; name = "Pods-MatchingApp.debug.xcconfig"; path = "Target Support Files/Pods-MatchingApp/Pods-MatchingApp.debug.xcconfig"; sourceTree = "<group>"; };
		ACBD8D7E803C2FA04F95C11B /* Pods_MatchingApp.framework */ = {isa = PBXFileReference; explicitFileType = wrapper.framework; includeInIndex = 0; path = Pods_MatchingApp.framework; sourceTree = BUILT_PRODUCTS_DIR; };
		E45FA06D328E3E9B99F4EBC6 /* Pods-MatchingApp.release.xcconfig */ = {isa = PBXFileReference; includeInIndex = 1; lastKnownFileType = text.xcconfig; name = "Pods-MatchingApp.release.xcconfig"; path = "Target Support Files/Pods-MatchingApp/Pods-MatchingApp.release.xcconfig"; sourceTree = "<group>"; };
/* End PBXFileReference section */

/* Begin PBXFrameworksBuildPhase section */
		7CD14F4A25BD636300C4F9E3 /* Frameworks */ = {
			isa = PBXFrameworksBuildPhase;
			buildActionMask = 2147483647;
			files = (
				7C2518FF25D7F48100AEA210 /* RxCocoa in Frameworks */,
				7C2518FD25D7F48100AEA210 /* RxSwift in Frameworks */,
				7C25190125D7F48100AEA210 /* RxRelay in Frameworks */,
				C0CD91EFDDC0780F05D0DC75 /* Pods_MatchingApp.framework in Frameworks */,
			);
			runOnlyForDeploymentPostprocessing = 0;
		};
/* End PBXFrameworksBuildPhase section */

/* Begin PBXGroup section */
		49E9153D0DAD97BADD017D18 /* Frameworks */ = {
			isa = PBXGroup;
			children = (
				ACBD8D7E803C2FA04F95C11B /* Pods_MatchingApp.framework */,
			);
			name = Frameworks;
			sourceTree = "<group>";
		};
		77F1E4DE2E01B6CE4809D913 /* Pods */ = {
			isa = PBXGroup;
			children = (
				92DEA82A58E4164A02FF115E /* Pods-MatchingApp.debug.xcconfig */,
				E45FA06D328E3E9B99F4EBC6 /* Pods-MatchingApp.release.xcconfig */,
			);
			path = Pods;
			sourceTree = "<group>";
		};
		7C2A5B0B25D51BD600985F7C /* ViewModel */ = {
			isa = PBXGroup;
			children = (
				7C2A5B0C25D51BEA00985F7C /* RegiserViewModel.swift */,
			);
			path = ViewModel;
			sourceTree = "<group>";
		};
		7C617BD725C8238700D4F32F /* Home */ = {
			isa = PBXGroup;
			children = (
				7C8F675725BD7B4E006DBE6F /* BottomControlView.swift */,
				7C511E7D25BEDEEF00D24A83 /* TopControlView.swift */,
				7C450CDD25C2D3C200088881 /* CardView.swift */,
				7CE8761D25C6A74000E80B69 /* CardInfoLabel.swift */,
				7CE8762325C6ACAE00E80B69 /* CardImageView.swift */,
			);
			path = Home;
			sourceTree = "<group>";
		};
		7C617BD825C8239300D4F32F /* Register */ = {
			isa = PBXGroup;
			children = (
				7C617BD925C823A800D4F32F /* RegisterTextField.swift */,
				7C0CF4DD25D29C5700B26377 /* RegisterTitleLabel.swift */,
				7C0CF4E425D2A15600B26377 /* RegisterButton.swift */,
			);
			path = Register;
			sourceTree = "<group>";
		};
		7C63C67125BD802B00350937 /* Extensions */ = {
			isa = PBXGroup;
			children = (
				7C63C66E25BD802600350937 /* UIImage-Extension.swift */,
				7C133A9325C02FFB00BC7CBC /* UIView-Extension.swift */,
				7CE875FE25C5830300E80B69 /* UIColor-Extension.swift */,
				7CE8762025C6AC3000E80B69 /* UIButton-Extension.swift */,
				7C25190325D7F90A00AEA210 /* Firebase-Extension.swift */,
			);
			path = Extensions;
			sourceTree = "<group>";
		};
		7C8F675425BD7B11006DBE6F /* ViewControllers */ = {
			isa = PBXGroup;
			children = (
				7CD14F5425BD636300C4F9E3 /* HomeViewController.swift */,
				7C617BD425C820AD00D4F32F /* RegisterViewController.swift */,
			);
			path = ViewControllers;
			sourceTree = "<group>";
		};
		7C8F675625BD7B3E006DBE6F /* Views */ = {
			isa = PBXGroup;
			children = (
				7C617BD825C8239300D4F32F /* Register */,
				7C617BD725C8238700D4F32F /* Home */,
			);
			path = Views;
			sourceTree = "<group>";
		};
		7CD14F4425BD636300C4F9E3 = {
			isa = PBXGroup;
			children = (
				7CD14F4F25BD636300C4F9E3 /* MatchingApp */,
				7CD14F4E25BD636300C4F9E3 /* Products */,
				77F1E4DE2E01B6CE4809D913 /* Pods */,
				49E9153D0DAD97BADD017D18 /* Frameworks */,
			);
			sourceTree = "<group>";
		};
		7CD14F4E25BD636300C4F9E3 /* Products */ = {
			isa = PBXGroup;
			children = (
				7CD14F4D25BD636300C4F9E3 /* MatchingApp.app */,
			);
			name = Products;
			sourceTree = "<group>";
		};
		7CD14F4F25BD636300C4F9E3 /* MatchingApp */ = {
			isa = PBXGroup;
			children = (
				7C63C67125BD802B00350937 /* Extensions */,
				7C8F675625BD7B3E006DBE6F /* Views */,
				7C2A5B0B25D51BD600985F7C /* ViewModel */,
				7C8F675425BD7B11006DBE6F /* ViewControllers */,
				7CD14F5025BD636300C4F9E3 /* AppDelegate.swift */,
				7CD14F5225BD636300C4F9E3 /* SceneDelegate.swift */,
				7CD14F5925BD636400C4F9E3 /* Assets.xcassets */,
				7C617BC425C81DCE00D4F32F /* GoogleService-Info.plist */,
				7CD14F5B25BD636400C4F9E3 /* LaunchScreen.storyboard */,
				7CD14F5E25BD636400C4F9E3 /* Info.plist */,
			);
			path = MatchingApp;
			sourceTree = "<group>";
		};
/* End PBXGroup section */

/* Begin PBXNativeTarget section */
		7CD14F4C25BD636300C4F9E3 /* MatchingApp */ = {
			isa = PBXNativeTarget;
			buildConfigurationList = 7CD14F6125BD636400C4F9E3 /* Build configuration list for PBXNativeTarget "MatchingApp" */;
			buildPhases = (
				D3B7B32D6A95BC76D4AD3397 /* [CP] Check Pods Manifest.lock */,
				7CD14F4925BD636300C4F9E3 /* Sources */,
				7CD14F4A25BD636300C4F9E3 /* Frameworks */,
				7CD14F4B25BD636300C4F9E3 /* Resources */,
				9E98F1D05DB1904B963F6E87 /* [CP] Embed Pods Frameworks */,
			);
			buildRules = (
			);
			dependencies = (
			);
			name = MatchingApp;
			packageProductDependencies = (
				7C2518FC25D7F48100AEA210 /* RxSwift */,
				7C2518FE25D7F48100AEA210 /* RxCocoa */,
				7C25190025D7F48100AEA210 /* RxRelay */,
			);
			productName = MatchingApp;
			productReference = 7CD14F4D25BD636300C4F9E3 /* MatchingApp.app */;
			productType = "com.apple.product-type.application";
		};
/* End PBXNativeTarget section */

/* Begin PBXProject section */
		7CD14F4525BD636300C4F9E3 /* Project object */ = {
			isa = PBXProject;
			attributes = {
				LastSwiftUpdateCheck = 1230;
				LastUpgradeCheck = 1230;
				TargetAttributes = {
					7CD14F4C25BD636300C4F9E3 = {
						CreatedOnToolsVersion = 12.3;
					};
				};
			};
			buildConfigurationList = 7CD14F4825BD636300C4F9E3 /* Build configuration list for PBXProject "MatchingApp" */;
			compatibilityVersion = "Xcode 9.3";
			developmentRegion = en;
			hasScannedForEncodings = 0;
			knownRegions = (
				en,
				Base,
			);
			mainGroup = 7CD14F4425BD636300C4F9E3;
			packageReferences = (
				7C2518FB25D7F48100AEA210 /* XCRemoteSwiftPackageReference "RxSwift" */,
			);
			productRefGroup = 7CD14F4E25BD636300C4F9E3 /* Products */;
			projectDirPath = "";
			projectRoot = "";
			targets = (
				7CD14F4C25BD636300C4F9E3 /* MatchingApp */,
			);
		};
/* End PBXProject section */

/* Begin PBXResourcesBuildPhase section */
		7CD14F4B25BD636300C4F9E3 /* Resources */ = {
			isa = PBXResourcesBuildPhase;
			buildActionMask = 2147483647;
			files = (
				7CD14F5D25BD636400C4F9E3 /* LaunchScreen.storyboard in Resources */,
				7CD14F5A25BD636400C4F9E3 /* Assets.xcassets in Resources */,
				7C617BC525C81DCE00D4F32F /* GoogleService-Info.plist in Resources */,
			);
			runOnlyForDeploymentPostprocessing = 0;
		};
/* End PBXResourcesBuildPhase section */

/* Begin PBXShellScriptBuildPhase section */
		9E98F1D05DB1904B963F6E87 /* [CP] Embed Pods Frameworks */ = {
			isa = PBXShellScriptBuildPhase;
			buildActionMask = 2147483647;
			files = (
			);
			inputFileListPaths = (
				"${PODS_ROOT}/Target Support Files/Pods-MatchingApp/Pods-MatchingApp-frameworks-${CONFIGURATION}-input-files.xcfilelist",
			);
			name = "[CP] Embed Pods Frameworks";
			outputFileListPaths = (
				"${PODS_ROOT}/Target Support Files/Pods-MatchingApp/Pods-MatchingApp-frameworks-${CONFIGURATION}-output-files.xcfilelist",
			);
			runOnlyForDeploymentPostprocessing = 0;
			shellPath = /bin/sh;
			shellScript = "\"${PODS_ROOT}/Target Support Files/Pods-MatchingApp/Pods-MatchingApp-frameworks.sh\"\n";
			showEnvVarsInLog = 0;
		};
		D3B7B32D6A95BC76D4AD3397 /* [CP] Check Pods Manifest.lock */ = {
			isa = PBXShellScriptBuildPhase;
			buildActionMask = 2147483647;
			files = (
			);
			inputFileListPaths = (
			);
			inputPaths = (
				"${PODS_PODFILE_DIR_PATH}/Podfile.lock",
				"${PODS_ROOT}/Manifest.lock",
			);
			name = "[CP] Check Pods Manifest.lock";
			outputFileListPaths = (
			);
			outputPaths = (
				"$(DERIVED_FILE_DIR)/Pods-MatchingApp-checkManifestLockResult.txt",
			);
			runOnlyForDeploymentPostprocessing = 0;
			shellPath = /bin/sh;
			shellScript = "diff \"${PODS_PODFILE_DIR_PATH}/Podfile.lock\" \"${PODS_ROOT}/Manifest.lock\" > /dev/null\nif [ $? != 0 ] ; then\n    # print error to STDERR\n    echo \"error: The sandbox is not in sync with the Podfile.lock. Run 'pod install' or update your CocoaPods installation.\" >&2\n    exit 1\nfi\n# This output is used by Xcode 'outputs' to avoid re-running this script phase.\necho \"SUCCESS\" > \"${SCRIPT_OUTPUT_FILE_0}\"\n";
			showEnvVarsInLog = 0;
		};
/* End PBXShellScriptBuildPhase section */

/* Begin PBXSourcesBuildPhase section */
		7CD14F4925BD636300C4F9E3 /* Sources */ = {
			isa = PBXSourcesBuildPhase;
			buildActionMask = 2147483647;
			files = (
				7C0CF4E525D2A15600B26377 /* RegisterButton.swift in Sources */,
				7C511E7E25BEDEEF00D24A83 /* TopControlView.swift in Sources */,
				7CD14F5525BD636300C4F9E3 /* HomeViewController.swift in Sources */,
				7C0CF4DE25D29C5700B26377 /* RegisterTitleLabel.swift in Sources */,
				7CE8761E25C6A74000E80B69 /* CardInfoLabel.swift in Sources */,
				7C2A5B0D25D51BEA00985F7C /* RegiserViewModel.swift in Sources */,
				7CD14F5125BD636300C4F9E3 /* AppDelegate.swift in Sources */,
				7C133A9425C02FFB00BC7CBC /* UIView-Extension.swift in Sources */,
				7C25190425D7F90A00AEA210 /* Firebase-Extension.swift in Sources */,
				7CE875FF25C5830300E80B69 /* UIColor-Extension.swift in Sources */,
				7CE8762125C6AC3000E80B69 /* UIButton-Extension.swift in Sources */,
				7CD14F5325BD636300C4F9E3 /* SceneDelegate.swift in Sources */,
				7C8F675825BD7B4E006DBE6F /* BottomControlView.swift in Sources */,
				7C450CDE25C2D3C200088881 /* CardView.swift in Sources */,
				7C617BDA25C823A800D4F32F /* RegisterTextField.swift in Sources */,
				7C617BD525C820AD00D4F32F /* RegisterViewController.swift in Sources */,
				7CE8762425C6ACAE00E80B69 /* CardImageView.swift in Sources */,
				7C63C66F25BD802600350937 /* UIImage-Extension.swift in Sources */,
			);
			runOnlyForDeploymentPostprocessing = 0;
		};
/* End PBXSourcesBuildPhase section */

/* Begin PBXVariantGroup section */
		7CD14F5B25BD636400C4F9E3 /* LaunchScreen.storyboard */ = {
			isa = PBXVariantGroup;
			children = (
				7CD14F5C25BD636400C4F9E3 /* Base */,
			);
			name = LaunchScreen.storyboard;
			sourceTree = "<group>";
		};
/* End PBXVariantGroup section */

/* Begin XCBuildConfiguration section */
		7CD14F5F25BD636400C4F9E3 /* Debug */ = {
			isa = XCBuildConfiguration;
			buildSettings = {
				ALWAYS_SEARCH_USER_PATHS = NO;
				CLANG_ANALYZER_NONNULL = YES;
				CLANG_ANALYZER_NUMBER_OBJECT_CONVERSION = YES_AGGRESSIVE;
				CLANG_CXX_LANGUAGE_STANDARD = "gnu++14";
				CLANG_CXX_LIBRARY = "libc++";
				CLANG_ENABLE_MODULES = YES;
				CLANG_ENABLE_OBJC_ARC = YES;
				CLANG_ENABLE_OBJC_WEAK = YES;
				CLANG_WARN_BLOCK_CAPTURE_AUTORELEASING = YES;
				CLANG_WARN_BOOL_CONVERSION = YES;
				CLANG_WARN_COMMA = YES;
				CLANG_WARN_CONSTANT_CONVERSION = YES;
				CLANG_WARN_DEPRECATED_OBJC_IMPLEMENTATIONS = YES;
				CLANG_WARN_DIRECT_OBJC_ISA_USAGE = YES_ERROR;
				CLANG_WARN_DOCUMENTATION_COMMENTS = YES;
				CLANG_WARN_EMPTY_BODY = YES;
				CLANG_WARN_ENUM_CONVERSION = YES;
				CLANG_WARN_INFINITE_RECURSION = YES;
				CLANG_WARN_INT_CONVERSION = YES;
				CLANG_WARN_NON_LITERAL_NULL_CONVERSION = YES;
				CLANG_WARN_OBJC_IMPLICIT_RETAIN_SELF = YES;
				CLANG_WARN_OBJC_LITERAL_CONVERSION = YES;
				CLANG_WARN_OBJC_ROOT_CLASS = YES_ERROR;
				CLANG_WARN_QUOTED_INCLUDE_IN_FRAMEWORK_HEADER = YES;
				CLANG_WARN_RANGE_LOOP_ANALYSIS = YES;
				CLANG_WARN_STRICT_PROTOTYPES = YES;
				CLANG_WARN_SUSPICIOUS_MOVE = YES;
				CLANG_WARN_UNGUARDED_AVAILABILITY = YES_AGGRESSIVE;
				CLANG_WARN_UNREACHABLE_CODE = YES;
				CLANG_WARN__DUPLICATE_METHOD_MATCH = YES;
				COPY_PHASE_STRIP = NO;
				DEBUG_INFORMATION_FORMAT = dwarf;
				ENABLE_STRICT_OBJC_MSGSEND = YES;
				ENABLE_TESTABILITY = YES;
				GCC_C_LANGUAGE_STANDARD = gnu11;
				GCC_DYNAMIC_NO_PIC = NO;
				GCC_NO_COMMON_BLOCKS = YES;
				GCC_OPTIMIZATION_LEVEL = 0;
				GCC_PREPROCESSOR_DEFINITIONS = (
					"DEBUG=1",
					"$(inherited)",
				);
				GCC_WARN_64_TO_32_BIT_CONVERSION = YES;
				GCC_WARN_ABOUT_RETURN_TYPE = YES_ERROR;
				GCC_WARN_UNDECLARED_SELECTOR = YES;
				GCC_WARN_UNINITIALIZED_AUTOS = YES_AGGRESSIVE;
				GCC_WARN_UNUSED_FUNCTION = YES;
				GCC_WARN_UNUSED_VARIABLE = YES;
				IPHONEOS_DEPLOYMENT_TARGET = 14.3;
				MTL_ENABLE_DEBUG_INFO = INCLUDE_SOURCE;
				MTL_FAST_MATH = YES;
				ONLY_ACTIVE_ARCH = YES;
				SDKROOT = iphoneos;
				SWIFT_ACTIVE_COMPILATION_CONDITIONS = DEBUG;
				SWIFT_OPTIMIZATION_LEVEL = "-Onone";
			};
			name = Debug;
		};
		7CD14F6025BD636400C4F9E3 /* Release */ = {
			isa = XCBuildConfiguration;
			buildSettings = {
				ALWAYS_SEARCH_USER_PATHS = NO;
				CLANG_ANALYZER_NONNULL = YES;
				CLANG_ANALYZER_NUMBER_OBJECT_CONVERSION = YES_AGGRESSIVE;
				CLANG_CXX_LANGUAGE_STANDARD = "gnu++14";
				CLANG_CXX_LIBRARY = "libc++";
				CLANG_ENABLE_MODULES = YES;
				CLANG_ENABLE_OBJC_ARC = YES;
				CLANG_ENABLE_OBJC_WEAK = YES;
				CLANG_WARN_BLOCK_CAPTURE_AUTORELEASING = YES;
				CLANG_WARN_BOOL_CONVERSION = YES;
				CLANG_WARN_COMMA = YES;
				CLANG_WARN_CONSTANT_CONVERSION = YES;
				CLANG_WARN_DEPRECATED_OBJC_IMPLEMENTATIONS = YES;
				CLANG_WARN_DIRECT_OBJC_ISA_USAGE = YES_ERROR;
				CLANG_WARN_DOCUMENTATION_COMMENTS = YES;
				CLANG_WARN_EMPTY_BODY = YES;
				CLANG_WARN_ENUM_CONVERSION = YES;
				CLANG_WARN_INFINITE_RECURSION = YES;
				CLANG_WARN_INT_CONVERSION = YES;
				CLANG_WARN_NON_LITERAL_NULL_CONVERSION = YES;
				CLANG_WARN_OBJC_IMPLICIT_RETAIN_SELF = YES;
				CLANG_WARN_OBJC_LITERAL_CONVERSION = YES;
				CLANG_WARN_OBJC_ROOT_CLASS = YES_ERROR;
				CLANG_WARN_QUOTED_INCLUDE_IN_FRAMEWORK_HEADER = YES;
				CLANG_WARN_RANGE_LOOP_ANALYSIS = YES;
				CLANG_WARN_STRICT_PROTOTYPES = YES;
				CLANG_WARN_SUSPICIOUS_MOVE = YES;
				CLANG_WARN_UNGUARDED_AVAILABILITY = YES_AGGRESSIVE;
				CLANG_WARN_UNREACHABLE_CODE = YES;
				CLANG_WARN__DUPLICATE_METHOD_MATCH = YES;
				COPY_PHASE_STRIP = NO;
				DEBUG_INFORMATION_FORMAT = "dwarf-with-dsym";
				ENABLE_NS_ASSERTIONS = NO;
				ENABLE_STRICT_OBJC_MSGSEND = YES;
				GCC_C_LANGUAGE_STANDARD = gnu11;
				GCC_NO_COMMON_BLOCKS = YES;
				GCC_WARN_64_TO_32_BIT_CONVERSION = YES;
				GCC_WARN_ABOUT_RETURN_TYPE = YES_ERROR;
				GCC_WARN_UNDECLARED_SELECTOR = YES;
				GCC_WARN_UNINITIALIZED_AUTOS = YES_AGGRESSIVE;
				GCC_WARN_UNUSED_FUNCTION = YES;
				GCC_WARN_UNUSED_VARIABLE = YES;
				IPHONEOS_DEPLOYMENT_TARGET = 14.3;
				MTL_ENABLE_DEBUG_INFO = NO;
				MTL_FAST_MATH = YES;
				SDKROOT = iphoneos;
				SWIFT_COMPILATION_MODE = wholemodule;
				SWIFT_OPTIMIZATION_LEVEL = "-O";
				VALIDATE_PRODUCT = YES;
			};
			name = Release;
		};
		7CD14F6225BD636400C4F9E3 /* Debug */ = {
			isa = XCBuildConfiguration;
			baseConfigurationReference = 92DEA82A58E4164A02FF115E /* Pods-MatchingApp.debug.xcconfig */;
			buildSettings = {
				ASSETCATALOG_COMPILER_APPICON_NAME = AppIcon;
				ASSETCATALOG_COMPILER_GLOBAL_ACCENT_COLOR_NAME = AccentColor;
				CODE_SIGN_STYLE = Automatic;
				INFOPLIST_FILE = MatchingApp/Info.plist;
				LD_RUNPATH_SEARCH_PATHS = (
					"$(inherited)",
					"@executable_path/Frameworks",
				);
				PRODUCT_BUNDLE_IDENTIFIER = Uske.MatchingApp;
				PRODUCT_NAME = "$(TARGET_NAME)";
				SWIFT_VERSION = 5.0;
				TARGETED_DEVICE_FAMILY = "1,2";
			};
			name = Debug;
		};
		7CD14F6325BD636400C4F9E3 /* Release */ = {
			isa = XCBuildConfiguration;
			baseConfigurationReference = E45FA06D328E3E9B99F4EBC6 /* Pods-MatchingApp.release.xcconfig */;
			buildSettings = {
				ASSETCATALOG_COMPILER_APPICON_NAME = AppIcon;
				ASSETCATALOG_COMPILER_GLOBAL_ACCENT_COLOR_NAME = AccentColor;
				CODE_SIGN_STYLE = Automatic;
				INFOPLIST_FILE = MatchingApp/Info.plist;
				LD_RUNPATH_SEARCH_PATHS = (
					"$(inherited)",
					"@executable_path/Frameworks",
				);
				PRODUCT_BUNDLE_IDENTIFIER = Uske.MatchingApp;
				PRODUCT_NAME = "$(TARGET_NAME)";
				SWIFT_VERSION = 5.0;
				TARGETED_DEVICE_FAMILY = "1,2";
			};
			name = Release;
		};
/* End XCBuildConfiguration section */

/* Begin XCConfigurationList section */
		7CD14F4825BD636300C4F9E3 /* Build configuration list for PBXProject "MatchingApp" */ = {
			isa = XCConfigurationList;
			buildConfigurations = (
				7CD14F5F25BD636400C4F9E3 /* Debug */,
				7CD14F6025BD636400C4F9E3 /* Release */,
			);
			defaultConfigurationIsVisible = 0;
			defaultConfigurationName = Release;
		};
		7CD14F6125BD636400C4F9E3 /* Build configuration list for PBXNativeTarget "MatchingApp" */ = {
			isa = XCConfigurationList;
			buildConfigurations = (
				7CD14F6225BD636400C4F9E3 /* Debug */,
				7CD14F6325BD636400C4F9E3 /* Release */,
			);
			defaultConfigurationIsVisible = 0;
			defaultConfigurationName = Release;
		};
/* End XCConfigurationList section */

/* Begin XCRemoteSwiftPackageReference section */
		7C2518FB25D7F48100AEA210 /* XCRemoteSwiftPackageReference "RxSwift" */ = {
			isa = XCRemoteSwiftPackageReference;
			repositoryURL = "https://github.com/ReactiveX/RxSwift";
			requirement = {
				kind = exactVersion;
				version = 6.0.0;
			};
		};
/* End XCRemoteSwiftPackageReference section */

/* Begin XCSwiftPackageProductDependency section */
		7C2518FC25D7F48100AEA210 /* RxSwift */ = {
			isa = XCSwiftPackageProductDependency;
			package = 7C2518FB25D7F48100AEA210 /* XCRemoteSwiftPackageReference "RxSwift" */;
			productName = RxSwift;
		};
		7C2518FE25D7F48100AEA210 /* RxCocoa */ = {
			isa = XCSwiftPackageProductDependency;
			package = 7C2518FB25D7F48100AEA210 /* XCRemoteSwiftPackageReference "RxSwift" */;
			productName = RxCocoa;
		};
		7C25190025D7F48100AEA210 /* RxRelay */ = {
			isa = XCSwiftPackageProductDependency;
			package = 7C2518FB25D7F48100AEA210 /* XCRemoteSwiftPackageReference "RxSwift" */;
			productName = RxRelay;
		};
/* End XCSwiftPackageProductDependency section */
	};
	rootObject = 7CD14F4525BD636300C4F9E3 /* Project object */;
}
